// !$*UTF8*$!
{
	archiveVersion = 1;
	classes = {
	};
	objectVersion = 56;
	objects = {

/* Begin PBXBuildFile section */
		DA84332F29B3748800CB87C6 /* AppDelegate.swift in Sources */ = {isa = PBXBuildFile; fileRef = DA84332E29B3748800CB87C6 /* AppDelegate.swift */; };
		DA84333129B3748800CB87C6 /* SceneDelegate.swift in Sources */ = {isa = PBXBuildFile; fileRef = DA84333029B3748800CB87C6 /* SceneDelegate.swift */; };
		DA84333829B3748900CB87C6 /* Assets.xcassets in Resources */ = {isa = PBXBuildFile; fileRef = DA84333729B3748900CB87C6 /* Assets.xcassets */; };
		DA84333B29B3748900CB87C6 /* LaunchScreen.storyboard in Resources */ = {isa = PBXBuildFile; fileRef = DA84333929B3748900CB87C6 /* LaunchScreen.storyboard */; };
		DA84334629B3748900CB87C6 /* CSVContactsTests.swift in Sources */ = {isa = PBXBuildFile; fileRef = DA84334529B3748900CB87C6 /* CSVContactsTests.swift */; };
		DA84336129B3762100CB87C6 /* CSVParser in Frameworks */ = {isa = PBXBuildFile; productRef = DA84336029B3762100CB87C6 /* CSVParser */; };
		DA84336829B397CF00CB87C6 /* ContactListViewController.swift in Sources */ = {isa = PBXBuildFile; fileRef = DA84336729B397CF00CB87C6 /* ContactListViewController.swift */; };
		DA84336B29B397E900CB87C6 /* RootRouter.swift in Sources */ = {isa = PBXBuildFile; fileRef = DA84336A29B397E900CB87C6 /* RootRouter.swift */; };
		DA84336D29B3997000CB87C6 /* ContactListViewModel.swift in Sources */ = {isa = PBXBuildFile; fileRef = DA84336C29B3997000CB87C6 /* ContactListViewModel.swift */; };
		DA84336F29B3997A00CB87C6 /* ContactListRouter.swift in Sources */ = {isa = PBXBuildFile; fileRef = DA84336E29B3997A00CB87C6 /* ContactListRouter.swift */; };
		DA84337229B399B000CB87C6 /* Contact.swift in Sources */ = {isa = PBXBuildFile; fileRef = DA84337129B399B000CB87C6 /* Contact.swift */; };
		DA84337529B39AEB00CB87C6 /* ContactService.swift in Sources */ = {isa = PBXBuildFile; fileRef = DA84337429B39AEB00CB87C6 /* ContactService.swift */; };
		DA84337829B39E8500CB87C6 /* sample_contacts.csv in Resources */ = {isa = PBXBuildFile; fileRef = DA84337729B39E8500CB87C6 /* sample_contacts.csv */; };
		DA84337B29B3A09400CB87C6 /* ContactSection.swift in Sources */ = {isa = PBXBuildFile; fileRef = DA84337A29B3A09400CB87C6 /* ContactSection.swift */; };
		DA84337E29B3A0E200CB87C6 /* SequenceExtension.swift in Sources */ = {isa = PBXBuildFile; fileRef = DA84337D29B3A0E200CB87C6 /* SequenceExtension.swift */; };
/* End PBXBuildFile section */

/* Begin PBXContainerItemProxy section */
		DA84334229B3748900CB87C6 /* PBXContainerItemProxy */ = {
			isa = PBXContainerItemProxy;
			containerPortal = DA84332329B3748800CB87C6 /* Project object */;
			proxyType = 1;
			remoteGlobalIDString = DA84332A29B3748800CB87C6;
			remoteInfo = CSVContacts;
		};
/* End PBXContainerItemProxy section */

/* Begin PBXFileReference section */
		DA84332B29B3748800CB87C6 /* CSVContacts.app */ = {isa = PBXFileReference; explicitFileType = wrapper.application; includeInIndex = 0; path = CSVContacts.app; sourceTree = BUILT_PRODUCTS_DIR; };
		DA84332E29B3748800CB87C6 /* AppDelegate.swift */ = {isa = PBXFileReference; lastKnownFileType = sourcecode.swift; path = AppDelegate.swift; sourceTree = "<group>"; };
		DA84333029B3748800CB87C6 /* SceneDelegate.swift */ = {isa = PBXFileReference; lastKnownFileType = sourcecode.swift; path = SceneDelegate.swift; sourceTree = "<group>"; };
		DA84333729B3748900CB87C6 /* Assets.xcassets */ = {isa = PBXFileReference; lastKnownFileType = folder.assetcatalog; path = Assets.xcassets; sourceTree = "<group>"; };
		DA84333A29B3748900CB87C6 /* Base */ = {isa = PBXFileReference; lastKnownFileType = file.storyboard; name = Base; path = Base.lproj/LaunchScreen.storyboard; sourceTree = "<group>"; };
		DA84333C29B3748900CB87C6 /* Info.plist */ = {isa = PBXFileReference; lastKnownFileType = text.plist.xml; path = Info.plist; sourceTree = "<group>"; };
		DA84334129B3748900CB87C6 /* CSVContactsTests.xctest */ = {isa = PBXFileReference; explicitFileType = wrapper.cfbundle; includeInIndex = 0; path = CSVContactsTests.xctest; sourceTree = BUILT_PRODUCTS_DIR; };
		DA84334529B3748900CB87C6 /* CSVContactsTests.swift */ = {isa = PBXFileReference; lastKnownFileType = sourcecode.swift; path = CSVContactsTests.swift; sourceTree = "<group>"; };
		DA84335E29B3761000CB87C6 /* CSVParser */ = {isa = PBXFileReference; lastKnownFileType = wrapper; path = CSVParser; sourceTree = "<group>"; };
		DA84336729B397CF00CB87C6 /* ContactListViewController.swift */ = {isa = PBXFileReference; lastKnownFileType = sourcecode.swift; path = ContactListViewController.swift; sourceTree = "<group>"; };
		DA84336A29B397E900CB87C6 /* RootRouter.swift */ = {isa = PBXFileReference; lastKnownFileType = sourcecode.swift; path = RootRouter.swift; sourceTree = "<group>"; };
		DA84336C29B3997000CB87C6 /* ContactListViewModel.swift */ = {isa = PBXFileReference; lastKnownFileType = sourcecode.swift; path = ContactListViewModel.swift; sourceTree = "<group>"; };
		DA84336E29B3997A00CB87C6 /* ContactListRouter.swift */ = {isa = PBXFileReference; lastKnownFileType = sourcecode.swift; path = ContactListRouter.swift; sourceTree = "<group>"; };
		DA84337129B399B000CB87C6 /* Contact.swift */ = {isa = PBXFileReference; lastKnownFileType = sourcecode.swift; path = Contact.swift; sourceTree = "<group>"; };
		DA84337429B39AEB00CB87C6 /* ContactService.swift */ = {isa = PBXFileReference; lastKnownFileType = sourcecode.swift; path = ContactService.swift; sourceTree = "<group>"; };
		DA84337729B39E8500CB87C6 /* sample_contacts.csv */ = {isa = PBXFileReference; fileEncoding = 4; lastKnownFileType = text; path = sample_contacts.csv; sourceTree = "<group>"; };
		DA84337A29B3A09400CB87C6 /* ContactSection.swift */ = {isa = PBXFileReference; lastKnownFileType = sourcecode.swift; path = ContactSection.swift; sourceTree = "<group>"; };
		DA84337D29B3A0E200CB87C6 /* SequenceExtension.swift */ = {isa = PBXFileReference; lastKnownFileType = sourcecode.swift; path = SequenceExtension.swift; sourceTree = "<group>"; };
/* End PBXFileReference section */

/* Begin PBXFrameworksBuildPhase section */
		DA84332829B3748800CB87C6 /* Frameworks */ = {
			isa = PBXFrameworksBuildPhase;
			buildActionMask = 2147483647;
			files = (
				DA84336129B3762100CB87C6 /* CSVParser in Frameworks */,
			);
			runOnlyForDeploymentPostprocessing = 0;
		};
		DA84333E29B3748900CB87C6 /* Frameworks */ = {
			isa = PBXFrameworksBuildPhase;
			buildActionMask = 2147483647;
			files = (
			);
			runOnlyForDeploymentPostprocessing = 0;
		};
/* End PBXFrameworksBuildPhase section */

/* Begin PBXGroup section */
		DA84332229B3748800CB87C6 = {
			isa = PBXGroup;
			children = (
				DA84335E29B3761000CB87C6 /* CSVParser */,
				DA84332D29B3748800CB87C6 /* CSVContacts */,
				DA84334429B3748900CB87C6 /* CSVContactsTests */,
				DA84332C29B3748800CB87C6 /* Products */,
				DA84335F29B3762100CB87C6 /* Frameworks */,
			);
			sourceTree = "<group>";
		};
		DA84332C29B3748800CB87C6 /* Products */ = {
			isa = PBXGroup;
			children = (
				DA84332B29B3748800CB87C6 /* CSVContacts.app */,
				DA84334129B3748900CB87C6 /* CSVContactsTests.xctest */,
			);
			name = Products;
			sourceTree = "<group>";
		};
		DA84332D29B3748800CB87C6 /* CSVContacts */ = {
			isa = PBXGroup;
			children = (
				DA84337C29B3A0D200CB87C6 /* Extensions */,
				DA84337629B39E7300CB87C6 /* Resources */,
				DA84337329B39AD400CB87C6 /* Services */,
				DA84337029B399A100CB87C6 /* Models */,
				DA84336229B3979400CB87C6 /* Modules */,
				DA84332E29B3748800CB87C6 /* AppDelegate.swift */,
				DA84333029B3748800CB87C6 /* SceneDelegate.swift */,
				DA84333729B3748900CB87C6 /* Assets.xcassets */,
				DA84333929B3748900CB87C6 /* LaunchScreen.storyboard */,
				DA84333C29B3748900CB87C6 /* Info.plist */,
			);
			path = CSVContacts;
			sourceTree = "<group>";
		};
		DA84334429B3748900CB87C6 /* CSVContactsTests */ = {
			isa = PBXGroup;
			children = (
				DA84334529B3748900CB87C6 /* CSVContactsTests.swift */,
			);
			path = CSVContactsTests;
			sourceTree = "<group>";
		};
		DA84335F29B3762100CB87C6 /* Frameworks */ = {
			isa = PBXGroup;
			children = (
			);
			name = Frameworks;
			sourceTree = "<group>";
		};
		DA84336229B3979400CB87C6 /* Modules */ = {
			isa = PBXGroup;
			children = (
				DA84336929B397DB00CB87C6 /* Root */,
				DA84336329B3979B00CB87C6 /* ContactList */,
			);
			path = Modules;
			sourceTree = "<group>";
		};
		DA84336329B3979B00CB87C6 /* ContactList */ = {
			isa = PBXGroup;
			children = (
				DA84337929B3A08000CB87C6 /* Models */,
				DA84336629B397B200CB87C6 /* Router */,
				DA84336529B397A700CB87C6 /* ViewModels */,
				DA84336429B397A000CB87C6 /* Views */,
			);
			path = ContactList;
			sourceTree = "<group>";
		};
		DA84336429B397A000CB87C6 /* Views */ = {
			isa = PBXGroup;
			children = (
				DA84336729B397CF00CB87C6 /* ContactListViewController.swift */,
			);
			path = Views;
			sourceTree = "<group>";
		};
		DA84336529B397A700CB87C6 /* ViewModels */ = {
			isa = PBXGroup;
			children = (
				DA84336C29B3997000CB87C6 /* ContactListViewModel.swift */,
			);
			path = ViewModels;
			sourceTree = "<group>";
		};
		DA84336629B397B200CB87C6 /* Router */ = {
			isa = PBXGroup;
			children = (
				DA84336E29B3997A00CB87C6 /* ContactListRouter.swift */,
			);
			path = Router;
			sourceTree = "<group>";
		};
		DA84336929B397DB00CB87C6 /* Root */ = {
			isa = PBXGroup;
			children = (
				DA84336A29B397E900CB87C6 /* RootRouter.swift */,
			);
			path = Root;
			sourceTree = "<group>";
		};
		DA84337029B399A100CB87C6 /* Models */ = {
			isa = PBXGroup;
			children = (
				DA84337129B399B000CB87C6 /* Contact.swift */,
			);
			path = Models;
			sourceTree = "<group>";
		};
		DA84337329B39AD400CB87C6 /* Services */ = {
			isa = PBXGroup;
			children = (
				DA84337429B39AEB00CB87C6 /* ContactService.swift */,
			);
			path = Services;
			sourceTree = "<group>";
		};
		DA84337629B39E7300CB87C6 /* Resources */ = {
			isa = PBXGroup;
			children = (
				DA84337729B39E8500CB87C6 /* sample_contacts.csv */,
			);
			path = Resources;
			sourceTree = "<group>";
		};
		DA84337929B3A08000CB87C6 /* Models */ = {
			isa = PBXGroup;
			children = (
				DA84337A29B3A09400CB87C6 /* ContactSection.swift */,
			);
			path = Models;
			sourceTree = "<group>";
		};
		DA84337C29B3A0D200CB87C6 /* Extensions */ = {
			isa = PBXGroup;
			children = (
				DA84337D29B3A0E200CB87C6 /* SequenceExtension.swift */,
			);
			path = Extensions;
			sourceTree = "<group>";
		};
/* End PBXGroup section */

/* Begin PBXNativeTarget section */
		DA84332A29B3748800CB87C6 /* CSVContacts */ = {
			isa = PBXNativeTarget;
			buildConfigurationList = DA84335529B3748900CB87C6 /* Build configuration list for PBXNativeTarget "CSVContacts" */;
			buildPhases = (
				DA84332729B3748800CB87C6 /* Sources */,
				DA84332829B3748800CB87C6 /* Frameworks */,
				DA84332929B3748800CB87C6 /* Resources */,
			);
			buildRules = (
			);
			dependencies = (
			);
			name = CSVContacts;
			packageProductDependencies = (
				DA84336029B3762100CB87C6 /* CSVParser */,
			);
			productName = CSVContacts;
			productReference = DA84332B29B3748800CB87C6 /* CSVContacts.app */;
			productType = "com.apple.product-type.application";
		};
		DA84334029B3748900CB87C6 /* CSVContactsTests */ = {
			isa = PBXNativeTarget;
			buildConfigurationList = DA84335829B3748900CB87C6 /* Build configuration list for PBXNativeTarget "CSVContactsTests" */;
			buildPhases = (
				DA84333D29B3748900CB87C6 /* Sources */,
				DA84333E29B3748900CB87C6 /* Frameworks */,
				DA84333F29B3748900CB87C6 /* Resources */,
			);
			buildRules = (
			);
			dependencies = (
				DA84334329B3748900CB87C6 /* PBXTargetDependency */,
			);
			name = CSVContactsTests;
			productName = CSVContactsTests;
			productReference = DA84334129B3748900CB87C6 /* CSVContactsTests.xctest */;
			productType = "com.apple.product-type.bundle.unit-test";
		};
/* End PBXNativeTarget section */

/* Begin PBXProject section */
		DA84332329B3748800CB87C6 /* Project object */ = {
			isa = PBXProject;
			attributes = {
				BuildIndependentTargetsInParallel = 1;
				LastSwiftUpdateCheck = 1420;
				LastUpgradeCheck = 1420;
				TargetAttributes = {
					DA84332A29B3748800CB87C6 = {
						CreatedOnToolsVersion = 14.2;
					};
					DA84334029B3748900CB87C6 = {
						CreatedOnToolsVersion = 14.2;
						TestTargetID = DA84332A29B3748800CB87C6;
					};
				};
			};
			buildConfigurationList = DA84332629B3748800CB87C6 /* Build configuration list for PBXProject "CSVContacts" */;
			compatibilityVersion = "Xcode 14.0";
			developmentRegion = en;
			hasScannedForEncodings = 0;
			knownRegions = (
				en,
				Base,
			);
			mainGroup = DA84332229B3748800CB87C6;
			productRefGroup = DA84332C29B3748800CB87C6 /* Products */;
			projectDirPath = "";
			projectRoot = "";
			targets = (
				DA84332A29B3748800CB87C6 /* CSVContacts */,
				DA84334029B3748900CB87C6 /* CSVContactsTests */,
			);
		};
/* End PBXProject section */

/* Begin PBXResourcesBuildPhase section */
		DA84332929B3748800CB87C6 /* Resources */ = {
			isa = PBXResourcesBuildPhase;
			buildActionMask = 2147483647;
			files = (
				DA84333B29B3748900CB87C6 /* LaunchScreen.storyboard in Resources */,
				DA84337829B39E8500CB87C6 /* sample_contacts.csv in Resources */,
				DA84333829B3748900CB87C6 /* Assets.xcassets in Resources */,
			);
			runOnlyForDeploymentPostprocessing = 0;
		};
		DA84333F29B3748900CB87C6 /* Resources */ = {
			isa = PBXResourcesBuildPhase;
			buildActionMask = 2147483647;
			files = (
			);
			runOnlyForDeploymentPostprocessing = 0;
		};
/* End PBXResourcesBuildPhase section */

/* Begin PBXSourcesBuildPhase section */
		DA84332729B3748800CB87C6 /* Sources */ = {
			isa = PBXSourcesBuildPhase;
			buildActionMask = 2147483647;
			files = (
				DA84336D29B3997000CB87C6 /* ContactListViewModel.swift in Sources */,
				DA84336B29B397E900CB87C6 /* RootRouter.swift in Sources */,
				DA84337E29B3A0E200CB87C6 /* SequenceExtension.swift in Sources */,
				DA84332F29B3748800CB87C6 /* AppDelegate.swift in Sources */,
				DA84333129B3748800CB87C6 /* SceneDelegate.swift in Sources */,
				DA84337B29B3A09400CB87C6 /* ContactSection.swift in Sources */,
				DA84337529B39AEB00CB87C6 /* ContactService.swift in Sources */,
				DA84336829B397CF00CB87C6 /* ContactListViewController.swift in Sources */,
				DA84336F29B3997A00CB87C6 /* ContactListRouter.swift in Sources */,
				DA84337229B399B000CB87C6 /* Contact.swift in Sources */,
			);
			runOnlyForDeploymentPostprocessing = 0;
		};
		DA84333D29B3748900CB87C6 /* Sources */ = {
			isa = PBXSourcesBuildPhase;
			buildActionMask = 2147483647;
			files = (
				DA84334629B3748900CB87C6 /* CSVContactsTests.swift in Sources */,
			);
			runOnlyForDeploymentPostprocessing = 0;
		};
/* End PBXSourcesBuildPhase section */

/* Begin PBXTargetDependency section */
		DA84334329B3748900CB87C6 /* PBXTargetDependency */ = {
			isa = PBXTargetDependency;
			target = DA84332A29B3748800CB87C6 /* CSVContacts */;
			targetProxy = DA84334229B3748900CB87C6 /* PBXContainerItemProxy */;
		};
/* End PBXTargetDependency section */

/* Begin PBXVariantGroup section */
		DA84333929B3748900CB87C6 /* LaunchScreen.storyboard */ = {
			isa = PBXVariantGroup;
			children = (
				DA84333A29B3748900CB87C6 /* Base */,
			);
			name = LaunchScreen.storyboard;
			sourceTree = "<group>";
		};
/* End PBXVariantGroup section */

/* Begin XCBuildConfiguration section */
		DA84335329B3748900CB87C6 /* Debug */ = {
			isa = XCBuildConfiguration;
			buildSettings = {
				ALWAYS_SEARCH_USER_PATHS = NO;
				CLANG_ANALYZER_NONNULL = YES;
				CLANG_ANALYZER_NUMBER_OBJECT_CONVERSION = YES_AGGRESSIVE;
				CLANG_CXX_LANGUAGE_STANDARD = "gnu++20";
				CLANG_ENABLE_MODULES = YES;
				CLANG_ENABLE_OBJC_ARC = YES;
				CLANG_ENABLE_OBJC_WEAK = YES;
				CLANG_WARN_BLOCK_CAPTURE_AUTORELEASING = YES;
				CLANG_WARN_BOOL_CONVERSION = YES;
				CLANG_WARN_COMMA = YES;
				CLANG_WARN_CONSTANT_CONVERSION = YES;
				CLANG_WARN_DEPRECATED_OBJC_IMPLEMENTATIONS = YES;
				CLANG_WARN_DIRECT_OBJC_ISA_USAGE = YES_ERROR;
				CLANG_WARN_DOCUMENTATION_COMMENTS = YES;
				CLANG_WARN_EMPTY_BODY = YES;
				CLANG_WARN_ENUM_CONVERSION = YES;
				CLANG_WARN_INFINITE_RECURSION = YES;
				CLANG_WARN_INT_CONVERSION = YES;
				CLANG_WARN_NON_LITERAL_NULL_CONVERSION = YES;
				CLANG_WARN_OBJC_IMPLICIT_RETAIN_SELF = YES;
				CLANG_WARN_OBJC_LITERAL_CONVERSION = YES;
				CLANG_WARN_OBJC_ROOT_CLASS = YES_ERROR;
				CLANG_WARN_QUOTED_INCLUDE_IN_FRAMEWORK_HEADER = YES;
				CLANG_WARN_RANGE_LOOP_ANALYSIS = YES;
				CLANG_WARN_STRICT_PROTOTYPES = YES;
				CLANG_WARN_SUSPICIOUS_MOVE = YES;
				CLANG_WARN_UNGUARDED_AVAILABILITY = YES_AGGRESSIVE;
				CLANG_WARN_UNREACHABLE_CODE = YES;
				CLANG_WARN__DUPLICATE_METHOD_MATCH = YES;
				COPY_PHASE_STRIP = NO;
				DEBUG_INFORMATION_FORMAT = dwarf;
				ENABLE_STRICT_OBJC_MSGSEND = YES;
				ENABLE_TESTABILITY = YES;
				GCC_C_LANGUAGE_STANDARD = gnu11;
				GCC_DYNAMIC_NO_PIC = NO;
				GCC_NO_COMMON_BLOCKS = YES;
				GCC_OPTIMIZATION_LEVEL = 0;
				GCC_PREPROCESSOR_DEFINITIONS = (
					"DEBUG=1",
					"$(inherited)",
				);
				GCC_WARN_64_TO_32_BIT_CONVERSION = YES;
				GCC_WARN_ABOUT_RETURN_TYPE = YES_ERROR;
				GCC_WARN_UNDECLARED_SELECTOR = YES;
				GCC_WARN_UNINITIALIZED_AUTOS = YES_AGGRESSIVE;
				GCC_WARN_UNUSED_FUNCTION = YES;
				GCC_WARN_UNUSED_VARIABLE = YES;
				IPHONEOS_DEPLOYMENT_TARGET = 16.2;
				MTL_ENABLE_DEBUG_INFO = INCLUDE_SOURCE;
				MTL_FAST_MATH = YES;
				ONLY_ACTIVE_ARCH = YES;
				SDKROOT = iphoneos;
				SWIFT_ACTIVE_COMPILATION_CONDITIONS = DEBUG;
				SWIFT_OPTIMIZATION_LEVEL = "-Onone";
			};
			name = Debug;
		};
		DA84335429B3748900CB87C6 /* Release */ = {
			isa = XCBuildConfiguration;
			buildSettings = {
				ALWAYS_SEARCH_USER_PATHS = NO;
				CLANG_ANALYZER_NONNULL = YES;
				CLANG_ANALYZER_NUMBER_OBJECT_CONVERSION = YES_AGGRESSIVE;
				CLANG_CXX_LANGUAGE_STANDARD = "gnu++20";
				CLANG_ENABLE_MODULES = YES;
				CLANG_ENABLE_OBJC_ARC = YES;
				CLANG_ENABLE_OBJC_WEAK = YES;
				CLANG_WARN_BLOCK_CAPTURE_AUTORELEASING = YES;
				CLANG_WARN_BOOL_CONVERSION = YES;
				CLANG_WARN_COMMA = YES;
				CLANG_WARN_CONSTANT_CONVERSION = YES;
				CLANG_WARN_DEPRECATED_OBJC_IMPLEMENTATIONS = YES;
				CLANG_WARN_DIRECT_OBJC_ISA_USAGE = YES_ERROR;
				CLANG_WARN_DOCUMENTATION_COMMENTS = YES;
				CLANG_WARN_EMPTY_BODY = YES;
				CLANG_WARN_ENUM_CONVERSION = YES;
				CLANG_WARN_INFINITE_RECURSION = YES;
				CLANG_WARN_INT_CONVERSION = YES;
				CLANG_WARN_NON_LITERAL_NULL_CONVERSION = YES;
				CLANG_WARN_OBJC_IMPLICIT_RETAIN_SELF = YES;
				CLANG_WARN_OBJC_LITERAL_CONVERSION = YES;
				CLANG_WARN_OBJC_ROOT_CLASS = YES_ERROR;
				CLANG_WARN_QUOTED_INCLUDE_IN_FRAMEWORK_HEADER = YES;
				CLANG_WARN_RANGE_LOOP_ANALYSIS = YES;
				CLANG_WARN_STRICT_PROTOTYPES = YES;
				CLANG_WARN_SUSPICIOUS_MOVE = YES;
				CLANG_WARN_UNGUARDED_AVAILABILITY = YES_AGGRESSIVE;
				CLANG_WARN_UNREACHABLE_CODE = YES;
				CLANG_WARN__DUPLICATE_METHOD_MATCH = YES;
				COPY_PHASE_STRIP = NO;
				DEBUG_INFORMATION_FORMAT = "dwarf-with-dsym";
				ENABLE_NS_ASSERTIONS = NO;
				ENABLE_STRICT_OBJC_MSGSEND = YES;
				GCC_C_LANGUAGE_STANDARD = gnu11;
				GCC_NO_COMMON_BLOCKS = YES;
				GCC_WARN_64_TO_32_BIT_CONVERSION = YES;
				GCC_WARN_ABOUT_RETURN_TYPE = YES_ERROR;
				GCC_WARN_UNDECLARED_SELECTOR = YES;
				GCC_WARN_UNINITIALIZED_AUTOS = YES_AGGRESSIVE;
				GCC_WARN_UNUSED_FUNCTION = YES;
				GCC_WARN_UNUSED_VARIABLE = YES;
				IPHONEOS_DEPLOYMENT_TARGET = 16.2;
				MTL_ENABLE_DEBUG_INFO = NO;
				MTL_FAST_MATH = YES;
				SDKROOT = iphoneos;
				SWIFT_COMPILATION_MODE = wholemodule;
				SWIFT_OPTIMIZATION_LEVEL = "-O";
				VALIDATE_PRODUCT = YES;
			};
			name = Release;
		};
		DA84335629B3748900CB87C6 /* Debug */ = {
			isa = XCBuildConfiguration;
			buildSettings = {
				ASSETCATALOG_COMPILER_APPICON_NAME = AppIcon;
				ASSETCATALOG_COMPILER_GLOBAL_ACCENT_COLOR_NAME = AccentColor;
				CODE_SIGN_STYLE = Automatic;
				CURRENT_PROJECT_VERSION = 1;
				GENERATE_INFOPLIST_FILE = YES;
				INFOPLIST_FILE = CSVContacts/Info.plist;
				INFOPLIST_KEY_UIApplicationSupportsIndirectInputEvents = YES;
				INFOPLIST_KEY_UILaunchStoryboardName = LaunchScreen;
				INFOPLIST_KEY_UISupportedInterfaceOrientations_iPad = "UIInterfaceOrientationPortrait UIInterfaceOrientationPortraitUpsideDown UIInterfaceOrientationLandscapeLeft UIInterfaceOrientationLandscapeRight";
				INFOPLIST_KEY_UISupportedInterfaceOrientations_iPhone = "UIInterfaceOrientationPortrait UIInterfaceOrientationLandscapeLeft UIInterfaceOrientationLandscapeRight";
				LD_RUNPATH_SEARCH_PATHS = (
					"$(inherited)",
					"@executable_path/Frameworks",
				);
				MARKETING_VERSION = 1.0;
				PRODUCT_BUNDLE_IDENTIFIER = com.yuri.CSVContacts;
				PRODUCT_NAME = "$(TARGET_NAME)";
				SWIFT_EMIT_LOC_STRINGS = YES;
				SWIFT_VERSION = 5.0;
				TARGETED_DEVICE_FAMILY = "1,2";
			};
			name = Debug;
		};
		DA84335729B3748900CB87C6 /* Release */ = {
			isa = XCBuildConfiguration;
			buildSettings = {
				ASSETCATALOG_COMPILER_APPICON_NAME = AppIcon;
				ASSETCATALOG_COMPILER_GLOBAL_ACCENT_COLOR_NAME = AccentColor;
				CODE_SIGN_STYLE = Automatic;
				CURRENT_PROJECT_VERSION = 1;
				GENERATE_INFOPLIST_FILE = YES;
				INFOPLIST_FILE = CSVContacts/Info.plist;
				INFOPLIST_KEY_UIApplicationSupportsIndirectInputEvents = YES;
				INFOPLIST_KEY_UILaunchStoryboardName = LaunchScreen;
				INFOPLIST_KEY_UISupportedInterfaceOrientations_iPad = "UIInterfaceOrientationPortrait UIInterfaceOrientationPortraitUpsideDown UIInterfaceOrientationLandscapeLeft UIInterfaceOrientationLandscapeRight";
				INFOPLIST_KEY_UISupportedInterfaceOrientations_iPhone = "UIInterfaceOrientationPortrait UIInterfaceOrientationLandscapeLeft UIInterfaceOrientationLandscapeRight";
				LD_RUNPATH_SEARCH_PATHS = (
					"$(inherited)",
					"@executable_path/Frameworks",
				);
				MARKETING_VERSION = 1.0;
				PRODUCT_BUNDLE_IDENTIFIER = com.yuri.CSVContacts;
				PRODUCT_NAME = "$(TARGET_NAME)";
				SWIFT_EMIT_LOC_STRINGS = YES;
				SWIFT_VERSION = 5.0;
				TARGETED_DEVICE_FAMILY = "1,2";
			};
			name = Release;
		};
		DA84335929B3748900CB87C6 /* Debug */ = {
			isa = XCBuildConfiguration;
			buildSettings = {
				ALWAYS_EMBED_SWIFT_STANDARD_LIBRARIES = YES;
				BUNDLE_LOADER = "$(TEST_HOST)";
				CODE_SIGN_STYLE = Automatic;
				CURRENT_PROJECT_VERSION = 1;
				GENERATE_INFOPLIST_FILE = YES;
				IPHONEOS_DEPLOYMENT_TARGET = 16.2;
				MARKETING_VERSION = 1.0;
				PRODUCT_BUNDLE_IDENTIFIER = com.yuri.CSVContactsTests;
				PRODUCT_NAME = "$(TARGET_NAME)";
				SWIFT_EMIT_LOC_STRINGS = NO;
				SWIFT_VERSION = 5.0;
				TARGETED_DEVICE_FAMILY = "1,2";
				TEST_HOST = "$(BUILT_PRODUCTS_DIR)/CSVContacts.app/$(BUNDLE_EXECUTABLE_FOLDER_PATH)/CSVContacts";
			};
			name = Debug;
		};
		DA84335A29B3748900CB87C6 /* Release */ = {
			isa = XCBuildConfiguration;
			buildSettings = {
				ALWAYS_EMBED_SWIFT_STANDARD_LIBRARIES = YES;
				BUNDLE_LOADER = "$(TEST_HOST)";
				CODE_SIGN_STYLE = Automatic;
				CURRENT_PROJECT_VERSION = 1;
				GENERATE_INFOPLIST_FILE = YES;
				IPHONEOS_DEPLOYMENT_TARGET = 16.2;
				MARKETING_VERSION = 1.0;
				PRODUCT_BUNDLE_IDENTIFIER = com.yuri.CSVContactsTests;
				PRODUCT_NAME = "$(TARGET_NAME)";
				SWIFT_EMIT_LOC_STRINGS = NO;
				SWIFT_VERSION = 5.0;
				TARGETED_DEVICE_FAMILY = "1,2";
				TEST_HOST = "$(BUILT_PRODUCTS_DIR)/CSVContacts.app/$(BUNDLE_EXECUTABLE_FOLDER_PATH)/CSVContacts";
			};
			name = Release;
		};
/* End XCBuildConfiguration section */

/* Begin XCConfigurationList section */
		DA84332629B3748800CB87C6 /* Build configuration list for PBXProject "CSVContacts" */ = {
			isa = XCConfigurationList;
			buildConfigurations = (
				DA84335329B3748900CB87C6 /* Debug */,
				DA84335429B3748900CB87C6 /* Release */,
			);
			defaultConfigurationIsVisible = 0;
			defaultConfigurationName = Release;
		};
		DA84335529B3748900CB87C6 /* Build configuration list for PBXNativeTarget "CSVContacts" */ = {
			isa = XCConfigurationList;
			buildConfigurations = (
				DA84335629B3748900CB87C6 /* Debug */,
				DA84335729B3748900CB87C6 /* Release */,
			);
			defaultConfigurationIsVisible = 0;
			defaultConfigurationName = Release;
		};
		DA84335829B3748900CB87C6 /* Build configuration list for PBXNativeTarget "CSVContactsTests" */ = {
			isa = XCConfigurationList;
			buildConfigurations = (
				DA84335929B3748900CB87C6 /* Debug */,
				DA84335A29B3748900CB87C6 /* Release */,
			);
			defaultConfigurationIsVisible = 0;
			defaultConfigurationName = Release;
		};
/* End XCConfigurationList section */

/* Begin XCSwiftPackageProductDependency section */
		DA84336029B3762100CB87C6 /* CSVParser */ = {
			isa = XCSwiftPackageProductDependency;
			productName = CSVParser;
		};
/* End XCSwiftPackageProductDependency section */
	};
	rootObject = DA84332329B3748800CB87C6 /* Project object */;
}
